
Microsoft Visual Studio Solution File, Format Version 12.00
# Visual Studio Version 16
VisualStudioVersion = 16.0.31424.327
MinimumVisualStudioVersion = 10.0.40219.1
Project("{FAE04EC0-301F-11D3-BF4B-00C04F79EFBC}") = "RandomNumber", "RandomNumber\RandomNumber.csproj", "{B80459F4-8A0E-4E48-B6BF-9222EFBE01D6}"
EndProject
Project("{FAE04EC0-301F-11D3-BF4B-00C04F79EFBC}") = "GiupBeHocToan", "GiupBeHocToan\GiupBeHocToan.csproj", "{0BD62261-D872-4D8E-9CF2-9344C404A5BD}"
EndProject
Project("{54435603-DBB4-11D2-8724-00A0C9A8B90C}") = "Setup_RandomNumber", "..\Setup_RandomNumber\Setup_RandomNumber.vdproj", "{15595598-A325-4831-9162-949B5C2A5AF7}"
EndProject
Global
	GlobalSection(SolutionConfigurationPlatforms) = preSolution
		Debug|Any CPU = Debug|Any CPU
		Release|Any CPU = Release|Any CPU
	EndGlobalSection
	GlobalSection(ProjectConfigurationPlatforms) = postSolution
		{B80459F4-8A0E-4E48-B6BF-9222EFBE01D6}.Debug|Any CPU.ActiveCfg = Debug|Any CPU
		{B80459F4-8A0E-4E48-B6BF-9222EFBE01D6}.Debug|Any CPU.Build.0 = Debug|Any CPU
		{B80459F4-8A0E-4E48-B6BF-9222EFBE01D6}.Release|Any CPU.ActiveCfg = Release|Any CPU
		{B80459F4-8A0E-4E48-B6BF-9222EFBE01D6}.Release|Any CPU.Build.0 = Release|Any CPU
		{0BD62261-D872-4D8E-9CF2-9344C404A5BD}.Debug|Any CPU.ActiveCfg = Debug|Any CPU
		{0BD62261-D872-4D8E-9CF2-9344C404A5BD}.Debug|Any CPU.Build.0 = Debug|Any CPU
		{0BD62261-D872-4D8E-9CF2-9344C404A5BD}.Release|Any CPU.ActiveCfg = Release|Any CPU
		{0BD62261-D872-4D8E-9CF2-9344C404A5BD}.Release|Any CPU.Build.0 = Release|Any CPU
		{15595598-A325-4831-9162-949B5C2A5AF7}.Debug|Any CPU.ActiveCfg = Debug
		{15595598-A325-4831-9162-949B5C2A5AF7}.Release|Any CPU.ActiveCfg = Release
	EndGlobalSection
	GlobalSection(SolutionProperties) = preSolution
		HideSolutionNode = FALSE
	EndGlobalSection
	GlobalSection(ExtensibilityGlobals) = postSolution
		SolutionGuid = {BA28EEA2-BEBE-4DCC-BE57-A47F895B0542}
	EndGlobalSection
EndGlobal
